{
  "version": 1,
  "dependencies": {
    ".NETnanoFramework,Version=v1.0": {
      "nanoFramework.CoreLibrary": {
        "type": "Direct",
        "requested": "[1.17.12, 1.17.12]",
        "resolved": "1.17.12",
        "contentHash": "j0fDBm74I7ORpskJTW1R9JgKqlmpgkQaB+ccBbRJcUKD1DGYlPDI1N4/kFwYOZrn8YjHUVFVv6n/1vg822ZSsw=="
      },
      "Nerdbank.GitVersioning": {
        "type": "Direct",
        "requested": "[3.10.94, 3.10.94]",
        "resolved": "3.10.94",
        "contentHash": "sn6gFIx6bwFj3Me0XGmek3gLZi/MZC8C4tRLwslXGeBcXcVxvFpZyDrQA93G8TiYgxTS7J7triKB7hj5wXzSxA=="
      }
    }
  }
}