{
  "version": 1,
  "dependencies": {
    ".NETnanoFramework,Version=v1.0": {
      "nanoFramework.CoreLibrary": {
        "type": "Direct",
        "requested": "[1.17.12, 1.17.12]",
        "resolved": "1.17.12",
        "contentHash": "j0fDBm74I7ORpskJTW1R9JgKqlmpgkQaB+ccBbRJcUKD1DGYlPDI1N4/kFwYOZrn8YjHUVFVv6n/1vg822ZSsw=="
      },
      "nanoFramework.TestFramework": {
        "type": "Direct",
        "requested": "[3.0.80, 3.0.80]",
        "resolved": "3.0.80",
        "contentHash": "o2ymxAz6TC6VguKqN6rrGB/L4sVAIJVEut87Hq8MvwEe6P/7JwzX+VB4vKJxEmihCSJs7Z3Yo9Rb8HgIEo8DMg=="
      }
    }
  }
}